
Microsoft Visual Studio Solution File, Format Version 12.00
# Visual Studio 2012
Project("{FAE04EC0-301F-11D3-BF4B-00C04F79EFBC}") = "novelReader", "novelReader\novelReader.csproj", "{2BE999F0-D542-4FD8-8626-FDC57A9EBE53}"
EndProject
Global
	GlobalSection(SolutionConfigurationPlatforms) = preSolution
		Debug|Any CPU = Debug|Any CPU
		Release|Any CPU = Release|Any CPU
	EndGlobalSection
	GlobalSection(ProjectConfigurationPlatforms) = postSolution
		{2BE999F0-D542-4FD8-8626-FDC57A9EBE53}.Debug|Any CPU.ActiveCfg = Debug|Any CPU
		{2BE999F0-D542-4FD8-8626-FDC57A9EBE53}.Debug|Any CPU.Build.0 = Debug|Any CPU
		{2BE999F0-D542-4FD8-8626-FDC57A9EBE53}.Release|Any CPU.ActiveCfg = Release|Any CPU
		{2BE999F0-D542-4FD8-8626-FDC57A9EBE53}.Release|Any CPU.Build.0 = Release|Any CPU
	EndGlobalSection
	GlobalSection(SolutionProperties) = preSolution
		HideSolutionNode = FALSE
	EndGlobalSection
EndGlobal
